
Microsoft Visual Studio Solution File, Format Version 12.00
# Visual Studio 2012
Project("{FAE04EC0-301F-11D3-BF4B-00C04F79EFBC}") = "Ejemplo_14-11_Arrays", "Ejemplo_14-11_Arrays\Ejemplo_14-11_Arrays.csproj", "{C376910D-9B86-4991-94C6-3BD3B8F882EE}"
EndProject
Global
	GlobalSection(SolutionConfigurationPlatforms) = preSolution
		Debug|Any CPU = Debug|Any CPU
		Release|Any CPU = Release|Any CPU
	EndGlobalSection
	GlobalSection(ProjectConfigurationPlatforms) = postSolution
		{C376910D-9B86-4991-94C6-3BD3B8F882EE}.Debug|Any CPU.ActiveCfg = Debug|Any CPU
		{C376910D-9B86-4991-94C6-3BD3B8F882EE}.Debug|Any CPU.Build.0 = Debug|Any CPU
		{C376910D-9B86-4991-94C6-3BD3B8F882EE}.Release|Any CPU.ActiveCfg = Release|Any CPU
		{C376910D-9B86-4991-94C6-3BD3B8F882EE}.Release|Any CPU.Build.0 = Release|Any CPU
	EndGlobalSection
	GlobalSection(SolutionProperties) = preSolution
		HideSolutionNode = FALSE
	EndGlobalSection
EndGlobal
