
Microsoft Visual Studio Solution File, Format Version 12.00
# Visual Studio 15
VisualStudioVersion = 15.0.28307.960
MinimumVisualStudioVersion = 10.0.40219.1
Project("{FAE04EC0-301F-11D3-BF4B-00C04F79EFBC}") = "WPF_Ejercicio9", "WPF_Ejercicio9\WPF_Ejercicio9.csproj", "{7151FEB0-FFD0-4491-9315-6811D35877BF}"
EndProject
Global
	GlobalSection(SolutionConfigurationPlatforms) = preSolution
		Debug|Any CPU = Debug|Any CPU
		Release|Any CPU = Release|Any CPU
	EndGlobalSection
	GlobalSection(ProjectConfigurationPlatforms) = postSolution
		{7151FEB0-FFD0-4491-9315-6811D35877BF}.Debug|Any CPU.ActiveCfg = Debug|Any CPU
		{7151FEB0-FFD0-4491-9315-6811D35877BF}.Debug|Any CPU.Build.0 = Debug|Any CPU
		{7151FEB0-FFD0-4491-9315-6811D35877BF}.Release|Any CPU.ActiveCfg = Release|Any CPU
		{7151FEB0-FFD0-4491-9315-6811D35877BF}.Release|Any CPU.Build.0 = Release|Any CPU
	EndGlobalSection
	GlobalSection(SolutionProperties) = preSolution
		HideSolutionNode = FALSE
	EndGlobalSection
	GlobalSection(ExtensibilityGlobals) = postSolution
		SolutionGuid = {2C215C49-7074-4655-89E6-A61FC6A03B32}
	EndGlobalSection
EndGlobal
