
Microsoft Visual Studio Solution File, Format Version 12.00
# Visual Studio 15
VisualStudioVersion = 15.0.28307.960
MinimumVisualStudioVersion = 10.0.40219.1
Project("{FAE04EC0-301F-11D3-BF4B-00C04F79EFBC}") = "WPF_Ejemplo_30-04", "WPF_Ejemplo_30-04\WPF_Ejemplo_30-04.csproj", "{87FD66A5-5F1E-43CC-B739-A7CBC0C4189E}"
EndProject
Global
	GlobalSection(SolutionConfigurationPlatforms) = preSolution
		Debug|Any CPU = Debug|Any CPU
		Release|Any CPU = Release|Any CPU
	EndGlobalSection
	GlobalSection(ProjectConfigurationPlatforms) = postSolution
		{87FD66A5-5F1E-43CC-B739-A7CBC0C4189E}.Debug|Any CPU.ActiveCfg = Debug|Any CPU
		{87FD66A5-5F1E-43CC-B739-A7CBC0C4189E}.Debug|Any CPU.Build.0 = Debug|Any CPU
		{87FD66A5-5F1E-43CC-B739-A7CBC0C4189E}.Release|Any CPU.ActiveCfg = Release|Any CPU
		{87FD66A5-5F1E-43CC-B739-A7CBC0C4189E}.Release|Any CPU.Build.0 = Release|Any CPU
	EndGlobalSection
	GlobalSection(SolutionProperties) = preSolution
		HideSolutionNode = FALSE
	EndGlobalSection
	GlobalSection(ExtensibilityGlobals) = postSolution
		SolutionGuid = {E798C662-040E-48D9-9B0D-AE5D0396EB1B}
	EndGlobalSection
EndGlobal
