
Microsoft Visual Studio Solution File, Format Version 12.00
# Visual Studio 2012
Project("{FAE04EC0-301F-11D3-BF4B-00C04F79EFBC}") = "Ejemplo_12-03_Binario", "Ejemplo_12-03_Binario\Ejemplo_12-03_Binario.csproj", "{D5ADE28E-1261-4C99-B9D5-1D1CEA87AE96}"
EndProject
Global
	GlobalSection(SolutionConfigurationPlatforms) = preSolution
		Debug|Any CPU = Debug|Any CPU
		Release|Any CPU = Release|Any CPU
	EndGlobalSection
	GlobalSection(ProjectConfigurationPlatforms) = postSolution
		{D5ADE28E-1261-4C99-B9D5-1D1CEA87AE96}.Debug|Any CPU.ActiveCfg = Debug|Any CPU
		{D5ADE28E-1261-4C99-B9D5-1D1CEA87AE96}.Debug|Any CPU.Build.0 = Debug|Any CPU
		{D5ADE28E-1261-4C99-B9D5-1D1CEA87AE96}.Release|Any CPU.ActiveCfg = Release|Any CPU
		{D5ADE28E-1261-4C99-B9D5-1D1CEA87AE96}.Release|Any CPU.Build.0 = Release|Any CPU
	EndGlobalSection
	GlobalSection(SolutionProperties) = preSolution
		HideSolutionNode = FALSE
	EndGlobalSection
EndGlobal
