
Microsoft Visual Studio Solution File, Format Version 12.00
# Visual Studio 15
VisualStudioVersion = 15.0.28307.960
MinimumVisualStudioVersion = 10.0.40219.1
Project("{FAE04EC0-301F-11D3-BF4B-00C04F79EFBC}") = "WPF_Ejercicio13", "WPF_Ejercicio13\WPF_Ejercicio13.csproj", "{CDAC5CAA-DD57-409D-BA76-04DF76603C03}"
EndProject
Global
	GlobalSection(SolutionConfigurationPlatforms) = preSolution
		Debug|Any CPU = Debug|Any CPU
		Release|Any CPU = Release|Any CPU
	EndGlobalSection
	GlobalSection(ProjectConfigurationPlatforms) = postSolution
		{CDAC5CAA-DD57-409D-BA76-04DF76603C03}.Debug|Any CPU.ActiveCfg = Debug|Any CPU
		{CDAC5CAA-DD57-409D-BA76-04DF76603C03}.Debug|Any CPU.Build.0 = Debug|Any CPU
		{CDAC5CAA-DD57-409D-BA76-04DF76603C03}.Release|Any CPU.ActiveCfg = Release|Any CPU
		{CDAC5CAA-DD57-409D-BA76-04DF76603C03}.Release|Any CPU.Build.0 = Release|Any CPU
	EndGlobalSection
	GlobalSection(SolutionProperties) = preSolution
		HideSolutionNode = FALSE
	EndGlobalSection
	GlobalSection(ExtensibilityGlobals) = postSolution
		SolutionGuid = {9F94C8BE-99E4-436F-852B-6AB76D30C014}
	EndGlobalSection
EndGlobal
