
Microsoft Visual Studio Solution File, Format Version 12.00
# Visual Studio 2012
Project("{FAE04EC0-301F-11D3-BF4B-00C04F79EFBC}") = "App_Ejercicio15", "App_Ejercicio15\App_Ejercicio15.csproj", "{94973AB3-2161-4941-8A92-D5048D48DD9D}"
EndProject
Global
	GlobalSection(SolutionConfigurationPlatforms) = preSolution
		Debug|Any CPU = Debug|Any CPU
		Release|Any CPU = Release|Any CPU
	EndGlobalSection
	GlobalSection(ProjectConfigurationPlatforms) = postSolution
		{94973AB3-2161-4941-8A92-D5048D48DD9D}.Debug|Any CPU.ActiveCfg = Debug|Any CPU
		{94973AB3-2161-4941-8A92-D5048D48DD9D}.Debug|Any CPU.Build.0 = Debug|Any CPU
		{94973AB3-2161-4941-8A92-D5048D48DD9D}.Release|Any CPU.ActiveCfg = Release|Any CPU
		{94973AB3-2161-4941-8A92-D5048D48DD9D}.Release|Any CPU.Build.0 = Release|Any CPU
	EndGlobalSection
	GlobalSection(SolutionProperties) = preSolution
		HideSolutionNode = FALSE
	EndGlobalSection
EndGlobal
