
Microsoft Visual Studio Solution File, Format Version 12.00
# Visual Studio 15
VisualStudioVersion = 15.0.28307.960
MinimumVisualStudioVersion = 10.0.40219.1
Project("{FAE04EC0-301F-11D3-BF4B-00C04F79EFBC}") = "WPF_Ejemplo1_31-03", "WPF_Ejemplo1_31-03\WPF_Ejemplo1_31-03.csproj", "{FE6322C0-DCE4-4727-A736-07857233A6F8}"
EndProject
Global
	GlobalSection(SolutionConfigurationPlatforms) = preSolution
		Debug|Any CPU = Debug|Any CPU
		Release|Any CPU = Release|Any CPU
	EndGlobalSection
	GlobalSection(ProjectConfigurationPlatforms) = postSolution
		{FE6322C0-DCE4-4727-A736-07857233A6F8}.Debug|Any CPU.ActiveCfg = Debug|Any CPU
		{FE6322C0-DCE4-4727-A736-07857233A6F8}.Debug|Any CPU.Build.0 = Debug|Any CPU
		{FE6322C0-DCE4-4727-A736-07857233A6F8}.Release|Any CPU.ActiveCfg = Release|Any CPU
		{FE6322C0-DCE4-4727-A736-07857233A6F8}.Release|Any CPU.Build.0 = Release|Any CPU
	EndGlobalSection
	GlobalSection(SolutionProperties) = preSolution
		HideSolutionNode = FALSE
	EndGlobalSection
	GlobalSection(ExtensibilityGlobals) = postSolution
		SolutionGuid = {7901672E-C934-485C-8E09-92076902D944}
	EndGlobalSection
EndGlobal
