
Microsoft Visual Studio Solution File, Format Version 12.00
# Visual Studio 15
VisualStudioVersion = 15.0.28307.960
MinimumVisualStudioVersion = 10.0.40219.1
Project("{FAE04EC0-301F-11D3-BF4B-00C04F79EFBC}") = "WPF_Ejercicio4", "WPF_Ejercicio4\WPF_Ejercicio4.csproj", "{1098B8DF-7CC6-433D-BAC4-2BB92A14FAAB}"
EndProject
Global
	GlobalSection(SolutionConfigurationPlatforms) = preSolution
		Debug|Any CPU = Debug|Any CPU
		Release|Any CPU = Release|Any CPU
	EndGlobalSection
	GlobalSection(ProjectConfigurationPlatforms) = postSolution
		{1098B8DF-7CC6-433D-BAC4-2BB92A14FAAB}.Debug|Any CPU.ActiveCfg = Debug|Any CPU
		{1098B8DF-7CC6-433D-BAC4-2BB92A14FAAB}.Debug|Any CPU.Build.0 = Debug|Any CPU
		{1098B8DF-7CC6-433D-BAC4-2BB92A14FAAB}.Release|Any CPU.ActiveCfg = Release|Any CPU
		{1098B8DF-7CC6-433D-BAC4-2BB92A14FAAB}.Release|Any CPU.Build.0 = Release|Any CPU
	EndGlobalSection
	GlobalSection(SolutionProperties) = preSolution
		HideSolutionNode = FALSE
	EndGlobalSection
	GlobalSection(ExtensibilityGlobals) = postSolution
		SolutionGuid = {DAF1AF76-3EDF-4FF8-A0C0-19B4CEBCBBE6}
	EndGlobalSection
EndGlobal
