
Microsoft Visual Studio Solution File, Format Version 12.00
# Visual Studio 15
VisualStudioVersion = 15.0.28307.960
MinimumVisualStudioVersion = 10.0.40219.1
Project("{FAE04EC0-301F-11D3-BF4B-00C04F79EFBC}") = "Ejercicio8", "Ejercicio8\Ejercicio8.csproj", "{7B46040F-A792-41ED-8F60-D645E0AF5FD0}"
EndProject
Global
	GlobalSection(SolutionConfigurationPlatforms) = preSolution
		Debug|Any CPU = Debug|Any CPU
		Release|Any CPU = Release|Any CPU
	EndGlobalSection
	GlobalSection(ProjectConfigurationPlatforms) = postSolution
		{7B46040F-A792-41ED-8F60-D645E0AF5FD0}.Debug|Any CPU.ActiveCfg = Debug|Any CPU
		{7B46040F-A792-41ED-8F60-D645E0AF5FD0}.Debug|Any CPU.Build.0 = Debug|Any CPU
		{7B46040F-A792-41ED-8F60-D645E0AF5FD0}.Release|Any CPU.ActiveCfg = Release|Any CPU
		{7B46040F-A792-41ED-8F60-D645E0AF5FD0}.Release|Any CPU.Build.0 = Release|Any CPU
	EndGlobalSection
	GlobalSection(SolutionProperties) = preSolution
		HideSolutionNode = FALSE
	EndGlobalSection
	GlobalSection(ExtensibilityGlobals) = postSolution
		SolutionGuid = {CBD376E2-FC5C-4250-AF96-BB20B17CF31E}
	EndGlobalSection
EndGlobal
