
Microsoft Visual Studio Solution File, Format Version 12.00
# Visual Studio 2012
Project("{FAE04EC0-301F-11D3-BF4B-00C04F79EFBC}") = "Ejemplo_31-10_Metodos", "Ejemplo_31-10_Metodos\Ejemplo_31-10_Metodos.csproj", "{5596F023-D3FD-472A-A2CB-8AA89273BFE7}"
EndProject
Global
	GlobalSection(SolutionConfigurationPlatforms) = preSolution
		Debug|Any CPU = Debug|Any CPU
		Release|Any CPU = Release|Any CPU
	EndGlobalSection
	GlobalSection(ProjectConfigurationPlatforms) = postSolution
		{5596F023-D3FD-472A-A2CB-8AA89273BFE7}.Debug|Any CPU.ActiveCfg = Debug|Any CPU
		{5596F023-D3FD-472A-A2CB-8AA89273BFE7}.Debug|Any CPU.Build.0 = Debug|Any CPU
		{5596F023-D3FD-472A-A2CB-8AA89273BFE7}.Release|Any CPU.ActiveCfg = Release|Any CPU
		{5596F023-D3FD-472A-A2CB-8AA89273BFE7}.Release|Any CPU.Build.0 = Release|Any CPU
	EndGlobalSection
	GlobalSection(SolutionProperties) = preSolution
		HideSolutionNode = FALSE
	EndGlobalSection
EndGlobal
