
Microsoft Visual Studio Solution File, Format Version 12.00
# Visual Studio 2012
Project("{FAE04EC0-301F-11D3-BF4B-00C04F79EFBC}") = "Ejemplo_GestionNaipes", "Ejemplo_GestionNaipes\Ejemplo_GestionNaipes.csproj", "{281EF93F-CCA7-458C-A5A4-DE129C4C8BC5}"
EndProject
Global
	GlobalSection(SolutionConfigurationPlatforms) = preSolution
		Debug|Any CPU = Debug|Any CPU
		Release|Any CPU = Release|Any CPU
	EndGlobalSection
	GlobalSection(ProjectConfigurationPlatforms) = postSolution
		{281EF93F-CCA7-458C-A5A4-DE129C4C8BC5}.Debug|Any CPU.ActiveCfg = Debug|Any CPU
		{281EF93F-CCA7-458C-A5A4-DE129C4C8BC5}.Debug|Any CPU.Build.0 = Debug|Any CPU
		{281EF93F-CCA7-458C-A5A4-DE129C4C8BC5}.Release|Any CPU.ActiveCfg = Release|Any CPU
		{281EF93F-CCA7-458C-A5A4-DE129C4C8BC5}.Release|Any CPU.Build.0 = Release|Any CPU
	EndGlobalSection
	GlobalSection(SolutionProperties) = preSolution
		HideSolutionNode = FALSE
	EndGlobalSection
EndGlobal
